{
  "name": "shanyan-miniprogram-demo",
  "version": "1.0.0",
  "lockfileVersion": 3,
  "requires": true,
  "packages": {
    "": {
      "name": "shanyan-miniprogram-demo",
      "version": "1.0.0",
      "license": "ISC",
      "dependencies": {
        "crypto-js": "^4.2.0",
        "shanyan-miniprogram-sdk": "^1.1.1"
      }
    },
    "node_modules/crypto-js": {
      "version": "4.2.0",
      "resolved": "https://registry.npmjs.org/crypto-js/-/crypto-js-4.2.0.tgz",
      "integrity": "sha512-KALDyEYgpY+Rlob/iriUtjV6d5Eq+Y191A5g4UqLAi8CyGP9N1+FdVbkc1SxKc2r4YAYqG8JzO2KGL+AizD70Q==",
      "license": "MIT"
    },
    "node_modules/shanyan-miniprogram-sdk": {
      "version": "1.1.2",
      "resolved": "https://registry.npmjs.org/shanyan-miniprogram-sdk/-/shanyan-miniprogram-sdk-1.1.2.tgz",
      "integrity": "sha512-UI7CENoFcjgTVsl8dMT7FFGO09jGrvaxXWQebEYUatkKhq+Q1enbmATmexMSg3pZ4hVh0AlgiK2H21q1evDCaQ==",
      "license": "ISC",
      "engines": {
        "node": ">=12.0.0"
      }
    }
  }
}
